
Microsoft Visual Studio Solution File, Format Version 12.00
# Visual Studio 14
VisualStudioVersion = 14.0.25123.0
MinimumVisualStudioVersion = 10.0.40219.1
Project("{2150E333-8FDC-42A3-9474-1A3956D46DE8}") = "Web", "Web", "{9DC8729B-38F3-4B60-B928-9770099D0C66}"
EndProject
Project("{2150E333-8FDC-42A3-9474-1A3956D46DE8}") = "Tests", "Tests", "{462F3DD2-6BEA-42B9-95A4-94031690EA48}"
EndProject
Project("{2150E333-8FDC-42A3-9474-1A3956D46DE8}") = "Data", "Data", "{EC24F7D3-97B8-4D27-A15E-B4AF5C7F7825}"
EndProject
Project("{2150E333-8FDC-42A3-9474-1A3956D46DE8}") = "Services", "Services", "{527A7624-A7AF-40DA-966C-33892DD81D16}"
EndProject
Project("{FAE04EC0-301F-11D3-BF4B-00C04F79EFBC}") = "MvcProject.Web", "Web\MvcProject.Web\MvcProject.Web.csproj", "{8BB926EE-5004-4F7C-B386-FBB309368876}"
EndProject
Project("{FAE04EC0-301F-11D3-BF4B-00C04F79EFBC}") = "MvcProject.Data.DbAccessConfig", "Data\MvcProject.Data.DbAccessConfig\MvcProject.Data.DbAccessConfig.csproj", "{37EAD08E-A644-4438-B913-1329C8CB3899}"
EndProject
Project("{FAE04EC0-301F-11D3-BF4B-00C04F79EFBC}") = "MvcProject.Data.Models", "Data\MvcProject.Data.Models\MvcProject.Data.Models.csproj", "{F3DFDA1D-99D1-46AD-9CFA-A0B9AA7A750C}"
EndProject
Project("{FAE04EC0-301F-11D3-BF4B-00C04F79EFBC}") = "MvcProject.Services.Web", "Services\MvcProject.Services.Web\MvcProject.Services.Web.csproj", "{BFBD7DC4-F46C-41E3-AA95-317230FE6558}"
EndProject
Project("{FAE04EC0-301F-11D3-BF4B-00C04F79EFBC}") = "MvcProject.Services.Data", "Services\MvcProject.Services.Data\MvcProject.Services.Data.csproj", "{037141CA-82DB-4C81-9BA1-4D02EF877B65}"
EndProject
Project("{2150E333-8FDC-42A3-9474-1A3956D46DE8}") = "Common", "Common", "{A0643423-A04D-4E88-8533-A15C60383B64}"
EndProject
Project("{FAE04EC0-301F-11D3-BF4B-00C04F79EFBC}") = "MvcProject.GlobalConstants", "Common\GlobalConstants\MvcProject.GlobalConstants.csproj", "{5F2803A7-770D-4509-8D69-CFBF4D6DC772}"
EndProject
Project("{FAE04EC0-301F-11D3-BF4B-00C04F79EFBC}") = "MvcProject.Web.Infrastructure", "Web\MvcProject.Web.Infrastructure\MvcProject.Web.Infrastructure.csproj", "{B14DFB67-88F5-4714-A592-ECAB1F8F74A9}"
EndProject
Project("{FAE04EC0-301F-11D3-BF4B-00C04F79EFBC}") = "MvcProject.Resources", "Common\Resources\MvcProject.Resources.csproj", "{08374F36-2EBC-4006-988F-3D41A4D6A30C}"
EndProject
Project("{FAE04EC0-301F-11D3-BF4B-00C04F79EFBC}") = "MvcProject.Services.Web.Tests", "Tests\MvcProject.Services.Web.Tests\MvcProject.Services.Web.Tests.csproj", "{282C6693-6C41-44A8-B413-9C8DBA25B0DC}"
EndProject
Project("{FAE04EC0-301F-11D3-BF4B-00C04F79EFBC}") = "MvcProject.Web.Routes.Tests", "Tests\MvcProject.Web.Routes.Tests\MvcProject.Web.Routes.Tests.csproj", "{183A0EC6-E9A4-4BC6-81F0-1C2EDCAF054B}"
EndProject
Project("{FAE04EC0-301F-11D3-BF4B-00C04F79EFBC}") = "MvcProject.Web.Controllers.Tests", "Tests\MvcProject.Web.Controllers.Tests\MvcProject.Web.Controllers.Tests.csproj", "{92D029D5-A36E-4C92-B00E-05745E28F8D6}"
EndProject
Project("{FAE04EC0-301F-11D3-BF4B-00C04F79EFBC}") = "MvcProject.Web.Public", "Web\MvcProject.Web\Areas\Public\MvcProject.Web.Public.csproj", "{26B96B91-8598-4CB7-BD7B-92A6A0BCFCC5}"
EndProject
Global
	GlobalSection(SolutionConfigurationPlatforms) = preSolution
		Debug|Any CPU = Debug|Any CPU
		Release|Any CPU = Release|Any CPU
	EndGlobalSection
	GlobalSection(ProjectConfigurationPlatforms) = postSolution
		{8BB926EE-5004-4F7C-B386-FBB309368876}.Debug|Any CPU.ActiveCfg = Debug|Any CPU
		{8BB926EE-5004-4F7C-B386-FBB309368876}.Debug|Any CPU.Build.0 = Debug|Any CPU
		{8BB926EE-5004-4F7C-B386-FBB309368876}.Release|Any CPU.ActiveCfg = Release|Any CPU
		{8BB926EE-5004-4F7C-B386-FBB309368876}.Release|Any CPU.Build.0 = Release|Any CPU
		{37EAD08E-A644-4438-B913-1329C8CB3899}.Debug|Any CPU.ActiveCfg = Debug|Any CPU
		{37EAD08E-A644-4438-B913-1329C8CB3899}.Debug|Any CPU.Build.0 = Debug|Any CPU
		{37EAD08E-A644-4438-B913-1329C8CB3899}.Release|Any CPU.ActiveCfg = Release|Any CPU
		{37EAD08E-A644-4438-B913-1329C8CB3899}.Release|Any CPU.Build.0 = Release|Any CPU
		{F3DFDA1D-99D1-46AD-9CFA-A0B9AA7A750C}.Debug|Any CPU.ActiveCfg = Debug|Any CPU
		{F3DFDA1D-99D1-46AD-9CFA-A0B9AA7A750C}.Debug|Any CPU.Build.0 = Debug|Any CPU
		{F3DFDA1D-99D1-46AD-9CFA-A0B9AA7A750C}.Release|Any CPU.ActiveCfg = Release|Any CPU
		{F3DFDA1D-99D1-46AD-9CFA-A0B9AA7A750C}.Release|Any CPU.Build.0 = Release|Any CPU
		{BFBD7DC4-F46C-41E3-AA95-317230FE6558}.Debug|Any CPU.ActiveCfg = Debug|Any CPU
		{BFBD7DC4-F46C-41E3-AA95-317230FE6558}.Debug|Any CPU.Build.0 = Debug|Any CPU
		{BFBD7DC4-F46C-41E3-AA95-317230FE6558}.Release|Any CPU.ActiveCfg = Release|Any CPU
		{BFBD7DC4-F46C-41E3-AA95-317230FE6558}.Release|Any CPU.Build.0 = Release|Any CPU
		{037141CA-82DB-4C81-9BA1-4D02EF877B65}.Debug|Any CPU.ActiveCfg = Debug|Any CPU
		{037141CA-82DB-4C81-9BA1-4D02EF877B65}.Debug|Any CPU.Build.0 = Debug|Any CPU
		{037141CA-82DB-4C81-9BA1-4D02EF877B65}.Release|Any CPU.ActiveCfg = Release|Any CPU
		{037141CA-82DB-4C81-9BA1-4D02EF877B65}.Release|Any CPU.Build.0 = Release|Any CPU
		{5F2803A7-770D-4509-8D69-CFBF4D6DC772}.Debug|Any CPU.ActiveCfg = Debug|Any CPU
		{5F2803A7-770D-4509-8D69-CFBF4D6DC772}.Debug|Any CPU.Build.0 = Debug|Any CPU
		{5F2803A7-770D-4509-8D69-CFBF4D6DC772}.Release|Any CPU.ActiveCfg = Release|Any CPU
		{5F2803A7-770D-4509-8D69-CFBF4D6DC772}.Release|Any CPU.Build.0 = Release|Any CPU
		{B14DFB67-88F5-4714-A592-ECAB1F8F74A9}.Debug|Any CPU.ActiveCfg = Debug|Any CPU
		{B14DFB67-88F5-4714-A592-ECAB1F8F74A9}.Debug|Any CPU.Build.0 = Debug|Any CPU
		{B14DFB67-88F5-4714-A592-ECAB1F8F74A9}.Release|Any CPU.ActiveCfg = Release|Any CPU
		{B14DFB67-88F5-4714-A592-ECAB1F8F74A9}.Release|Any CPU.Build.0 = Release|Any CPU
		{08374F36-2EBC-4006-988F-3D41A4D6A30C}.Debug|Any CPU.ActiveCfg = Debug|Any CPU
		{08374F36-2EBC-4006-988F-3D41A4D6A30C}.Debug|Any CPU.Build.0 = Debug|Any CPU
		{08374F36-2EBC-4006-988F-3D41A4D6A30C}.Release|Any CPU.ActiveCfg = Release|Any CPU
		{08374F36-2EBC-4006-988F-3D41A4D6A30C}.Release|Any CPU.Build.0 = Release|Any CPU
		{282C6693-6C41-44A8-B413-9C8DBA25B0DC}.Debug|Any CPU.ActiveCfg = Debug|Any CPU
		{282C6693-6C41-44A8-B413-9C8DBA25B0DC}.Debug|Any CPU.Build.0 = Debug|Any CPU
		{282C6693-6C41-44A8-B413-9C8DBA25B0DC}.Release|Any CPU.ActiveCfg = Release|Any CPU
		{282C6693-6C41-44A8-B413-9C8DBA25B0DC}.Release|Any CPU.Build.0 = Release|Any CPU
		{183A0EC6-E9A4-4BC6-81F0-1C2EDCAF054B}.Debug|Any CPU.ActiveCfg = Debug|Any CPU
		{183A0EC6-E9A4-4BC6-81F0-1C2EDCAF054B}.Debug|Any CPU.Build.0 = Debug|Any CPU
		{183A0EC6-E9A4-4BC6-81F0-1C2EDCAF054B}.Release|Any CPU.ActiveCfg = Release|Any CPU
		{183A0EC6-E9A4-4BC6-81F0-1C2EDCAF054B}.Release|Any CPU.Build.0 = Release|Any CPU
		{92D029D5-A36E-4C92-B00E-05745E28F8D6}.Debug|Any CPU.ActiveCfg = Debug|Any CPU
		{92D029D5-A36E-4C92-B00E-05745E28F8D6}.Debug|Any CPU.Build.0 = Debug|Any CPU
		{92D029D5-A36E-4C92-B00E-05745E28F8D6}.Release|Any CPU.ActiveCfg = Release|Any CPU
		{92D029D5-A36E-4C92-B00E-05745E28F8D6}.Release|Any CPU.Build.0 = Release|Any CPU
		{26B96B91-8598-4CB7-BD7B-92A6A0BCFCC5}.Debug|Any CPU.ActiveCfg = Debug|Any CPU
		{26B96B91-8598-4CB7-BD7B-92A6A0BCFCC5}.Debug|Any CPU.Build.0 = Debug|Any CPU
		{26B96B91-8598-4CB7-BD7B-92A6A0BCFCC5}.Release|Any CPU.ActiveCfg = Release|Any CPU
		{26B96B91-8598-4CB7-BD7B-92A6A0BCFCC5}.Release|Any CPU.Build.0 = Release|Any CPU
	EndGlobalSection
	GlobalSection(SolutionProperties) = preSolution
		HideSolutionNode = FALSE
	EndGlobalSection
	GlobalSection(NestedProjects) = preSolution
		{8BB926EE-5004-4F7C-B386-FBB309368876} = {9DC8729B-38F3-4B60-B928-9770099D0C66}
		{37EAD08E-A644-4438-B913-1329C8CB3899} = {EC24F7D3-97B8-4D27-A15E-B4AF5C7F7825}
		{F3DFDA1D-99D1-46AD-9CFA-A0B9AA7A750C} = {EC24F7D3-97B8-4D27-A15E-B4AF5C7F7825}
		{BFBD7DC4-F46C-41E3-AA95-317230FE6558} = {527A7624-A7AF-40DA-966C-33892DD81D16}
		{037141CA-82DB-4C81-9BA1-4D02EF877B65} = {527A7624-A7AF-40DA-966C-33892DD81D16}
		{5F2803A7-770D-4509-8D69-CFBF4D6DC772} = {A0643423-A04D-4E88-8533-A15C60383B64}
		{B14DFB67-88F5-4714-A592-ECAB1F8F74A9} = {9DC8729B-38F3-4B60-B928-9770099D0C66}
		{08374F36-2EBC-4006-988F-3D41A4D6A30C} = {A0643423-A04D-4E88-8533-A15C60383B64}
		{282C6693-6C41-44A8-B413-9C8DBA25B0DC} = {462F3DD2-6BEA-42B9-95A4-94031690EA48}
		{183A0EC6-E9A4-4BC6-81F0-1C2EDCAF054B} = {462F3DD2-6BEA-42B9-95A4-94031690EA48}
		{92D029D5-A36E-4C92-B00E-05745E28F8D6} = {462F3DD2-6BEA-42B9-95A4-94031690EA48}
		{26B96B91-8598-4CB7-BD7B-92A6A0BCFCC5} = {9DC8729B-38F3-4B60-B928-9770099D0C66}
	EndGlobalSection
EndGlobal
