
Microsoft Visual Studio Solution File, Format Version 12.00
# Visual Studio 14
VisualStudioVersion = 14.0.24720.0
MinimumVisualStudioVersion = 10.0.40219.1
Project("{2150E333-8FDC-42A3-9474-1A3956D46DE8}") = "Web", "Web", "{9DC8729B-38F3-4B60-B928-9770099D0C66}"
EndProject
Project("{2150E333-8FDC-42A3-9474-1A3956D46DE8}") = "Tests", "Tests", "{462F3DD2-6BEA-42B9-95A4-94031690EA48}"
EndProject
Project("{2150E333-8FDC-42A3-9474-1A3956D46DE8}") = "Data", "Data", "{EC24F7D3-97B8-4D27-A15E-B4AF5C7F7825}"
EndProject
Project("{2150E333-8FDC-42A3-9474-1A3956D46DE8}") = "Services", "Services", "{527A7624-A7AF-40DA-966C-33892DD81D16}"
EndProject
Project("{2150E333-8FDC-42A3-9474-1A3956D46DE8}") = "Common", "Common", "{EAB21546-B8CF-4CC5-9DBF-72C8E574A6D3}"
EndProject
Project("{FAE04EC0-301F-11D3-BF4B-00C04F79EFBC}") = "MvcProject.Web", "Web\MvcProject.Web\MvcProject.Web.csproj", "{8BB926EE-5004-4F7C-B386-FBB309368876}"
	ProjectSection(ProjectDependencies) = postProject
		{E4826C7B-CF95-49E8-8429-22B863E39FD4} = {E4826C7B-CF95-49E8-8429-22B863E39FD4}
	EndProjectSection
EndProject
Project("{FAE04EC0-301F-11D3-BF4B-00C04F79EFBC}") = "MvcProject.Data.DbAccessConfig", "Data\MvcProject.Data.DbAccessConfig\MvcProject.Data.DbAccessConfig.csproj", "{37EAD08E-A644-4438-B913-1329C8CB3899}"
EndProject
Project("{FAE04EC0-301F-11D3-BF4B-00C04F79EFBC}") = "MvcProject.Data.Models", "Data\MvcProject.Data.Models\MvcProject.Data.Models.csproj", "{F3DFDA1D-99D1-46AD-9CFA-A0B9AA7A750C}"
EndProject
Project("{FAE04EC0-301F-11D3-BF4B-00C04F79EFBC}") = "MvcProject.Web.Infrastructure", "Web\MvcProject.Web.Infrastructure\MvcProject.Web.Infrastructure.csproj", "{B14DFB67-88F5-4714-A592-ECAB1F8F74A9}"
EndProject
Project("{FAE04EC0-301F-11D3-BF4B-00C04F79EFBC}") = "MvcProject.Services.Web", "Services\MvcProject.Services.Web\MvcProject.Services.Web.csproj", "{BFBD7DC4-F46C-41E3-AA95-317230FE6558}"
EndProject
Project("{FAE04EC0-301F-11D3-BF4B-00C04F79EFBC}") = "Constants", "Common\Constants\Constants.csproj", "{E4826C7B-CF95-49E8-8429-22B863E39FD4}"
EndProject
Project("{FAE04EC0-301F-11D3-BF4B-00C04F79EFBC}") = "MvcProject.Services.Data", "Services\MvcProject.Services.Data\MvcProject.Services.Data.csproj", "{037141CA-82DB-4C81-9BA1-4D02EF877B65}"
EndProject
Global
	GlobalSection(SolutionConfigurationPlatforms) = preSolution
		Debug|Any CPU = Debug|Any CPU
		Release|Any CPU = Release|Any CPU
	EndGlobalSection
	GlobalSection(ProjectConfigurationPlatforms) = postSolution
		{8BB926EE-5004-4F7C-B386-FBB309368876}.Debug|Any CPU.ActiveCfg = Debug|Any CPU
		{8BB926EE-5004-4F7C-B386-FBB309368876}.Debug|Any CPU.Build.0 = Debug|Any CPU
		{8BB926EE-5004-4F7C-B386-FBB309368876}.Release|Any CPU.ActiveCfg = Release|Any CPU
		{8BB926EE-5004-4F7C-B386-FBB309368876}.Release|Any CPU.Build.0 = Release|Any CPU
		{37EAD08E-A644-4438-B913-1329C8CB3899}.Debug|Any CPU.ActiveCfg = Debug|Any CPU
		{37EAD08E-A644-4438-B913-1329C8CB3899}.Debug|Any CPU.Build.0 = Debug|Any CPU
		{37EAD08E-A644-4438-B913-1329C8CB3899}.Release|Any CPU.ActiveCfg = Release|Any CPU
		{37EAD08E-A644-4438-B913-1329C8CB3899}.Release|Any CPU.Build.0 = Release|Any CPU
		{F3DFDA1D-99D1-46AD-9CFA-A0B9AA7A750C}.Debug|Any CPU.ActiveCfg = Debug|Any CPU
		{F3DFDA1D-99D1-46AD-9CFA-A0B9AA7A750C}.Debug|Any CPU.Build.0 = Debug|Any CPU
		{F3DFDA1D-99D1-46AD-9CFA-A0B9AA7A750C}.Release|Any CPU.ActiveCfg = Release|Any CPU
		{F3DFDA1D-99D1-46AD-9CFA-A0B9AA7A750C}.Release|Any CPU.Build.0 = Release|Any CPU
		{B14DFB67-88F5-4714-A592-ECAB1F8F74A9}.Debug|Any CPU.ActiveCfg = Debug|Any CPU
		{B14DFB67-88F5-4714-A592-ECAB1F8F74A9}.Debug|Any CPU.Build.0 = Debug|Any CPU
		{B14DFB67-88F5-4714-A592-ECAB1F8F74A9}.Release|Any CPU.ActiveCfg = Release|Any CPU
		{B14DFB67-88F5-4714-A592-ECAB1F8F74A9}.Release|Any CPU.Build.0 = Release|Any CPU
		{BFBD7DC4-F46C-41E3-AA95-317230FE6558}.Debug|Any CPU.ActiveCfg = Debug|Any CPU
		{BFBD7DC4-F46C-41E3-AA95-317230FE6558}.Debug|Any CPU.Build.0 = Debug|Any CPU
		{BFBD7DC4-F46C-41E3-AA95-317230FE6558}.Release|Any CPU.ActiveCfg = Release|Any CPU
		{BFBD7DC4-F46C-41E3-AA95-317230FE6558}.Release|Any CPU.Build.0 = Release|Any CPU
		{E4826C7B-CF95-49E8-8429-22B863E39FD4}.Debug|Any CPU.ActiveCfg = Debug|Any CPU
		{E4826C7B-CF95-49E8-8429-22B863E39FD4}.Debug|Any CPU.Build.0 = Debug|Any CPU
		{E4826C7B-CF95-49E8-8429-22B863E39FD4}.Release|Any CPU.ActiveCfg = Release|Any CPU
		{E4826C7B-CF95-49E8-8429-22B863E39FD4}.Release|Any CPU.Build.0 = Release|Any CPU
		{037141CA-82DB-4C81-9BA1-4D02EF877B65}.Debug|Any CPU.ActiveCfg = Debug|Any CPU
		{037141CA-82DB-4C81-9BA1-4D02EF877B65}.Debug|Any CPU.Build.0 = Debug|Any CPU
		{037141CA-82DB-4C81-9BA1-4D02EF877B65}.Release|Any CPU.ActiveCfg = Release|Any CPU
		{037141CA-82DB-4C81-9BA1-4D02EF877B65}.Release|Any CPU.Build.0 = Release|Any CPU
	EndGlobalSection
	GlobalSection(SolutionProperties) = preSolution
		HideSolutionNode = FALSE
	EndGlobalSection
	GlobalSection(NestedProjects) = preSolution
		{8BB926EE-5004-4F7C-B386-FBB309368876} = {9DC8729B-38F3-4B60-B928-9770099D0C66}
		{37EAD08E-A644-4438-B913-1329C8CB3899} = {EC24F7D3-97B8-4D27-A15E-B4AF5C7F7825}
		{F3DFDA1D-99D1-46AD-9CFA-A0B9AA7A750C} = {EC24F7D3-97B8-4D27-A15E-B4AF5C7F7825}
		{B14DFB67-88F5-4714-A592-ECAB1F8F74A9} = {9DC8729B-38F3-4B60-B928-9770099D0C66}
		{BFBD7DC4-F46C-41E3-AA95-317230FE6558} = {527A7624-A7AF-40DA-966C-33892DD81D16}
		{E4826C7B-CF95-49E8-8429-22B863E39FD4} = {EAB21546-B8CF-4CC5-9DBF-72C8E574A6D3}
		{037141CA-82DB-4C81-9BA1-4D02EF877B65} = {527A7624-A7AF-40DA-966C-33892DD81D16}
	EndGlobalSection
EndGlobal
